
Microsoft Visual Studio Solution File, Format Version 12.00
# Visual Studio Version 17
VisualStudioVersion = 17.5.33516.290
MinimumVisualStudioVersion = 10.0.40219.1
Project("{FAE04EC0-301F-11D3-BF4B-00C04F79EFBC}") = "WPF Calculator", "WPF Calculator\WPF Calculator.csproj", "{180AEB0F-EE8F-4640-A27A-70F882636E5B}"
EndProject
Global
	GlobalSection(SolutionConfigurationPlatforms) = preSolution
		Debug|Any CPU = Debug|Any CPU
		Release|Any CPU = Release|Any CPU
	EndGlobalSection
	GlobalSection(ProjectConfigurationPlatforms) = postSolution
		{180AEB0F-EE8F-4640-A27A-70F882636E5B}.Debug|Any CPU.ActiveCfg = Debug|Any CPU
		{180AEB0F-EE8F-4640-A27A-70F882636E5B}.Debug|Any CPU.Build.0 = Debug|Any CPU
		{180AEB0F-EE8F-4640-A27A-70F882636E5B}.Release|Any CPU.ActiveCfg = Release|Any CPU
		{180AEB0F-EE8F-4640-A27A-70F882636E5B}.Release|Any CPU.Build.0 = Release|Any CPU
	EndGlobalSection
	GlobalSection(SolutionProperties) = preSolution
		HideSolutionNode = FALSE
	EndGlobalSection
	GlobalSection(ExtensibilityGlobals) = postSolution
		SolutionGuid = {00E89668-BCDA-4BAA-90D7-5C1F55C6C823}
	EndGlobalSection
EndGlobal
